
Microsoft Visual Studio Solution File, Format Version 12.00
# Visual Studio 15
VisualStudioVersion = 15.0.28307.421
MinimumVisualStudioVersion = 10.0.40219.1
Project("{FAE04EC0-301F-11D3-BF4B-00C04F79EFBC}") = "Console User", "Task_3 v3.0\Console User.csproj", "{8944673F-EA79-474E-99D7-9A0D3E807414}"
EndProject
Project("{FAE04EC0-301F-11D3-BF4B-00C04F79EFBC}") = "Console Admin", "Console Admin\Console Admin.csproj", "{D27EC2AB-2FDA-4EB8-8639-212AF45C7B56}"
EndProject
Project("{FAE04EC0-301F-11D3-BF4B-00C04F79EFBC}") = "Shop.DAL", "Shop.DAL\Shop.DAL.csproj", "{072BFC02-36BA-4A53-BF10-9DB2BC3EA275}"
EndProject
Global
	GlobalSection(SolutionConfigurationPlatforms) = preSolution
		Debug|Any CPU = Debug|Any CPU
		Release|Any CPU = Release|Any CPU
	EndGlobalSection
	GlobalSection(ProjectConfigurationPlatforms) = postSolution
		{8944673F-EA79-474E-99D7-9A0D3E807414}.Debug|Any CPU.ActiveCfg = Debug|Any CPU
		{8944673F-EA79-474E-99D7-9A0D3E807414}.Debug|Any CPU.Build.0 = Debug|Any CPU
		{8944673F-EA79-474E-99D7-9A0D3E807414}.Release|Any CPU.ActiveCfg = Release|Any CPU
		{8944673F-EA79-474E-99D7-9A0D3E807414}.Release|Any CPU.Build.0 = Release|Any CPU
		{D27EC2AB-2FDA-4EB8-8639-212AF45C7B56}.Debug|Any CPU.ActiveCfg = Debug|Any CPU
		{D27EC2AB-2FDA-4EB8-8639-212AF45C7B56}.Debug|Any CPU.Build.0 = Debug|Any CPU
		{D27EC2AB-2FDA-4EB8-8639-212AF45C7B56}.Release|Any CPU.ActiveCfg = Release|Any CPU
		{D27EC2AB-2FDA-4EB8-8639-212AF45C7B56}.Release|Any CPU.Build.0 = Release|Any CPU
		{072BFC02-36BA-4A53-BF10-9DB2BC3EA275}.Debug|Any CPU.ActiveCfg = Debug|Any CPU
		{072BFC02-36BA-4A53-BF10-9DB2BC3EA275}.Debug|Any CPU.Build.0 = Debug|Any CPU
		{072BFC02-36BA-4A53-BF10-9DB2BC3EA275}.Release|Any CPU.ActiveCfg = Release|Any CPU
		{072BFC02-36BA-4A53-BF10-9DB2BC3EA275}.Release|Any CPU.Build.0 = Release|Any CPU
	EndGlobalSection
	GlobalSection(SolutionProperties) = preSolution
		HideSolutionNode = FALSE
	EndGlobalSection
	GlobalSection(ExtensibilityGlobals) = postSolution
		SolutionGuid = {761179F8-89CA-49A4-A2D8-BCCBB1B6795F}
	EndGlobalSection
EndGlobal
