
Microsoft Visual Studio Solution File, Format Version 12.00
# Visual Studio 15
VisualStudioVersion = 15.0.28307.421
MinimumVisualStudioVersion = 10.0.40219.1
Project("{FAE04EC0-301F-11D3-BF4B-00C04F79EFBC}") = "Task №2", "Task №2\Task №2.csproj", "{88A65D5D-0E2F-41B5-87FA-0C55FB7E7EEB}"
EndProject
Project("{FAE04EC0-301F-11D3-BF4B-00C04F79EFBC}") = "Shop.DAL", "Shop.DAL\Shop.DAL.csproj", "{AE01BADE-92AC-4CD2-8839-8EB2E6AC4E91}"
EndProject
Global
	GlobalSection(SolutionConfigurationPlatforms) = preSolution
		Debug|Any CPU = Debug|Any CPU
		Release|Any CPU = Release|Any CPU
	EndGlobalSection
	GlobalSection(ProjectConfigurationPlatforms) = postSolution
		{88A65D5D-0E2F-41B5-87FA-0C55FB7E7EEB}.Debug|Any CPU.ActiveCfg = Debug|Any CPU
		{88A65D5D-0E2F-41B5-87FA-0C55FB7E7EEB}.Debug|Any CPU.Build.0 = Debug|Any CPU
		{88A65D5D-0E2F-41B5-87FA-0C55FB7E7EEB}.Release|Any CPU.ActiveCfg = Release|Any CPU
		{88A65D5D-0E2F-41B5-87FA-0C55FB7E7EEB}.Release|Any CPU.Build.0 = Release|Any CPU
		{AE01BADE-92AC-4CD2-8839-8EB2E6AC4E91}.Debug|Any CPU.ActiveCfg = Debug|Any CPU
		{AE01BADE-92AC-4CD2-8839-8EB2E6AC4E91}.Debug|Any CPU.Build.0 = Debug|Any CPU
		{AE01BADE-92AC-4CD2-8839-8EB2E6AC4E91}.Release|Any CPU.ActiveCfg = Release|Any CPU
		{AE01BADE-92AC-4CD2-8839-8EB2E6AC4E91}.Release|Any CPU.Build.0 = Release|Any CPU
	EndGlobalSection
	GlobalSection(SolutionProperties) = preSolution
		HideSolutionNode = FALSE
	EndGlobalSection
	GlobalSection(ExtensibilityGlobals) = postSolution
		SolutionGuid = {B7EE297C-1B6C-4922-8227-5238CA02E0D1}
	EndGlobalSection
EndGlobal
